
Microsoft Visual Studio Solution File, Format Version 11.00
# Visual Studio 2010
Project("{2150E333-8FDC-42A3-9474-1A3956D46DE8}") = "MetaHosts", "MetaHosts", "{8F34B82C-340F-4268-AC51-3ED5A94C12A8}"
EndProject
Project("{FAE04EC0-301F-11D3-BF4B-00C04F79EFBC}") = "TestServer", "TestServer\TestServer.csproj", "{02E31F9C-B35B-42F0-958A-3117688947F1}"
EndProject
Project("{FAE04EC0-301F-11D3-BF4B-00C04F79EFBC}") = "Engine", "Engine\Engine.csproj", "{0F71E5BB-73C8-4F7C-B0EC-3999E1060F10}"
EndProject
Project("{FAE04EC0-301F-11D3-BF4B-00C04F79EFBC}") = "Log4Smart", "Log4Smart\Log4Smart.csproj", "{19014FBC-1C8C-4391-8BDC-938328BEE567}"
EndProject
Project("{FAE04EC0-301F-11D3-BF4B-00C04F79EFBC}") = "CalculateSum", "CalculateSum\CalculateSum.csproj", "{DDD530E8-92A7-4940-AB9E-FA92A4E7BF5E}"
EndProject
Project("{FAE04EC0-301F-11D3-BF4B-00C04F79EFBC}") = "Common", "Common\Common.csproj", "{0D12E7C1-08EC-48A0-8645-748906F67F32}"
EndProject
Project("{FAE04EC0-301F-11D3-BF4B-00C04F79EFBC}") = "Core", "Core\Core.csproj", "{631AC093-430F-45F4-BA0C-AF0F0405918A}"
EndProject
Project("{FAE04EC0-301F-11D3-BF4B-00C04F79EFBC}") = "Genetic", "Genetic\Genetic.csproj", "{2EFAA327-1789-4438-B9F5-E83ACAE12DB2}"
EndProject
Project("{FAE04EC0-301F-11D3-BF4B-00C04F79EFBC}") = "Math", "Math\Math.csproj", "{C0FAF524-72E4-46F7-8C1B-A6B74DEC5EBE}"
EndProject
Project("{FAE04EC0-301F-11D3-BF4B-00C04F79EFBC}") = "PrepareEnviroment", "PrepareEnviroment\PrepareEnviroment.csproj", "{25BEA0C8-05BB-4CC0-A780-42CD0ED5E757}"
EndProject
Project("{FAE04EC0-301F-11D3-BF4B-00C04F79EFBC}") = "FxAdvisorCore", "MetaHosts\FxAdvisorCore\FxAdvisorCore.csproj", "{62B79DB2-9C42-4847-8FB7-0F97B13FC154}"
EndProject
Project("{FAE04EC0-301F-11D3-BF4B-00C04F79EFBC}") = "FxAdvisorHost", "MetaHosts\FxAdvisorHost\FxAdvisorHost.csproj", "{3D145630-7F53-4630-8E1A-FB283A49E795}"
EndProject
Project("{54435603-DBB4-11D2-8724-00A0C9A8B90C}") = "FxCoreSetup", "MetaHosts\FxCoreSetup\FxCoreSetup.vdproj", "{5B914B9D-BA92-4110-BF2E-DFF10EB9738F}"
EndProject
Project("{8BC9CEB8-8B4A-11D0-8D11-00A0C91BC942}") = "MetaClientWrapper", "MetaHosts\MetaClientWrapper\MetaClientWrapper.vcxproj", "{88C34C71-8C1E-4B82-A0B2-1843F10A831F}"
EndProject
Project("{FAE04EC0-301F-11D3-BF4B-00C04F79EFBC}") = "DukasHistoryDownloader", "DukasHistoryDownloader\DukasHistoryDownloader.csproj", "{35D67C04-B4A3-4E40-AAA5-0931853C115C}"
EndProject
Project("{FAE04EC0-301F-11D3-BF4B-00C04F79EFBC}") = "ForexInformationDownloader", "ForexInformationDownloader\ForexInformationDownloader.csproj", "{49BD292A-92A2-4A5E-BFE2-2212C87A91A5}"
EndProject
Project("{FAE04EC0-301F-11D3-BF4B-00C04F79EFBC}") = "News", "News\News.csproj", "{1A696E70-200D-4542-B763-2A1955107CD3}"
EndProject
Project("{2150E333-8FDC-42A3-9474-1A3956D46DE8}") = "Solution Items", "Solution Items", "{BB3C255A-CDDA-435C-97DE-974EB26A3349}"
	ProjectSection(SolutionItems) = preProject
		Local.testsettings = Local.testsettings
		TestServer.vsmdi = TestServer.vsmdi
		TraceAndTestImpact.testsettings = TraceAndTestImpact.testsettings
	EndProjectSection
EndProject
Project("{FAE04EC0-301F-11D3-BF4B-00C04F79EFBC}") = "MathIgnorance", "MathIgnorance\MathIgnorance.csproj", "{05F235BA-4E21-4A55-AEA4-FF26A8DF262E}"
EndProject
Project("{FAE04EC0-301F-11D3-BF4B-00C04F79EFBC}") = "Mathematics", "Mathematics\Mathematics.csproj", "{CE36C987-82B3-48D3-9DAA-4CF9F047FB6E}"
EndProject
Project("{FAE04EC0-301F-11D3-BF4B-00C04F79EFBC}") = "MathematicsUnits", "MathematicsUnits\MathematicsUnits.csproj", "{C89CD142-E925-4493-83E5-DB688CE90536}"
EndProject
Project("{2150E333-8FDC-42A3-9474-1A3956D46DE8}") = "AllStrategies", "AllStrategies", "{5977BFB4-2869-4A2D-A00D-231A4F7A5AE9}"
EndProject
Project("{FAE04EC0-301F-11D3-BF4B-00C04F79EFBC}") = "SuperAdaptStrategy", "AllStrategies\SuperAdaptStrategy\SuperAdaptStrategy.csproj", "{2C4C2C8C-CF13-439F-B056-C2B05E8C21DD}"
EndProject
Project("{FAE04EC0-301F-11D3-BF4B-00C04F79EFBC}") = "SuperStrategy", "SuperStrategy\SuperStrategy.csproj", "{92AF6023-CCFF-47CE-8F92-DC9952D9E0DD}"
EndProject
Project("{FAE04EC0-301F-11D3-BF4B-00C04F79EFBC}") = "MartinGale", "MartinGale\MartinGale.csproj", "{AA7FF419-EEAF-408B-910C-73E3BCCCD0AF}"
EndProject
Project("{FAE04EC0-301F-11D3-BF4B-00C04F79EFBC}") = "StrategyCommon", "StrategyCommon\StrategyCommon.csproj", "{9A17BAB5-0979-430F-B7CC-1C6225CFD37A}"
EndProject
Project("{FAE04EC0-301F-11D3-BF4B-00C04F79EFBC}") = "Average", "AllStrategies\AverageStrategy\Average.csproj", "{F85CAD53-A0E4-4F95-826A-281E0D26E78F}"
EndProject
Project("{FAE04EC0-301F-11D3-BF4B-00C04F79EFBC}") = "BuyAndWait", "AllStrategies\BuyAndWait\BuyAndWait.csproj", "{3A80A361-0F0D-4EF0-A9DF-3F4F13C5AF71}"
EndProject
Project("{FAE04EC0-301F-11D3-BF4B-00C04F79EFBC}") = "Theorist", "AllStrategies\Theorist\Theorist.csproj", "{B0F602B3-91E5-448F-9618-C56002B9079D}"
EndProject
Project("{FAE04EC0-301F-11D3-BF4B-00C04F79EFBC}") = "BuyLimitAndWait", "AllStrategies\BuyLimitAndWait\BuyLimitAndWait.csproj", "{334A7228-D764-4C7A-BCDC-BDD3F8C0AF2D}"
EndProject
Project("{FAE04EC0-301F-11D3-BF4B-00C04F79EFBC}") = "InverseMartinGale", "AllStrategies\InverseMartinGale\InverseMartinGale.csproj", "{438650AB-72ED-4617-91E9-2964351A1C50}"
EndProject
Project("{2150E333-8FDC-42A3-9474-1A3956D46DE8}") = "Portfolio", "Portfolio", "{BD9D15F4-35FB-4CFB-8CA5-C9E575844FF7}"
EndProject
Project("{FAE04EC0-301F-11D3-BF4B-00C04F79EFBC}") = "ResultBusinessEntity", "ResultCommon\ResultBusinessEntity.csproj", "{7A360BBD-7674-4CBA-84A7-41D7A5E99C21}"
EndProject
Project("{2150E333-8FDC-42A3-9474-1A3956D46DE8}") = "GeneticAlgorithm", "GeneticAlgorithm", "{9AC48ADF-23DD-49AD-9878-1F58649FD095}"
EndProject
Project("{2150E333-8FDC-42A3-9474-1A3956D46DE8}") = "TicksNewsDownloader", "TicksNewsDownloader", "{822A6B12-A503-4D90-A104-F5D35EE0B35D}"
EndProject
Project("{FAE04EC0-301F-11D3-BF4B-00C04F79EFBC}") = "ForexSuite", "ForexSuite\ForexSuite.csproj", "{5C1F3C97-E09D-48F2-AF4D-631359D767DB}"
EndProject
Project("{FAE04EC0-301F-11D3-BF4B-00C04F79EFBC}") = "GUIAnalyser", "GUIAnalyser\GUIAnalyser.csproj", "{5ECED2A5-D51B-45CD-B408-A641A6E22C77}"
EndProject
Project("{FAE04EC0-301F-11D3-BF4B-00C04F79EFBC}") = "ForexSuiteUnits", "ForexSuiteUnits\ForexSuiteUnits.csproj", "{AFCCE700-4FF0-42A3-BA55-7BFD859416D9}"
EndProject
Project("{FAE04EC0-301F-11D3-BF4B-00C04F79EFBC}") = "Analysis", "Analysis\Analysis.csproj", "{96D85696-B860-4D22-847A-66BD43DBF7B4}"
EndProject
Project("{FAE04EC0-301F-11D3-BF4B-00C04F79EFBC}") = "Pipsovik", "AllStrategies\Pipsovik\Pipsovik.csproj", "{F9C80E29-6B7A-44BC-9F8F-82B9AE15987D}"
EndProject
Project("{FAE04EC0-301F-11D3-BF4B-00C04F79EFBC}") = "PipsovikWeekend", "AllStrategies\PipsovikWeekend\PipsovikWeekend.csproj", "{C5E010AE-0B43-4D4A-917B-8C10E6582FA8}"
EndProject
Global
	GlobalSection(TestCaseManagementSettings) = postSolution
		CategoryFile = TestServer.vsmdi
	EndGlobalSection
	GlobalSection(SolutionConfigurationPlatforms) = preSolution
		Debug|Any CPU = Debug|Any CPU
		Debug|Mixed Platforms = Debug|Mixed Platforms
		Debug|Win32 = Debug|Win32
		Debug|x86 = Debug|x86
		Release|Any CPU = Release|Any CPU
		Release|Mixed Platforms = Release|Mixed Platforms
		Release|Win32 = Release|Win32
		Release|x86 = Release|x86
	EndGlobalSection
	GlobalSection(ProjectConfigurationPlatforms) = postSolution
		{02E31F9C-B35B-42F0-958A-3117688947F1}.Debug|Any CPU.ActiveCfg = Debug|Any CPU
		{02E31F9C-B35B-42F0-958A-3117688947F1}.Debug|Any CPU.Build.0 = Debug|Any CPU
		{02E31F9C-B35B-42F0-958A-3117688947F1}.Debug|Mixed Platforms.ActiveCfg = Debug|Any CPU
		{02E31F9C-B35B-42F0-958A-3117688947F1}.Debug|Mixed Platforms.Build.0 = Debug|Any CPU
		{02E31F9C-B35B-42F0-958A-3117688947F1}.Debug|Win32.ActiveCfg = Debug|Any CPU
		{02E31F9C-B35B-42F0-958A-3117688947F1}.Debug|x86.ActiveCfg = Debug|Any CPU
		{02E31F9C-B35B-42F0-958A-3117688947F1}.Release|Any CPU.ActiveCfg = Release|Any CPU
		{02E31F9C-B35B-42F0-958A-3117688947F1}.Release|Any CPU.Build.0 = Release|Any CPU
		{02E31F9C-B35B-42F0-958A-3117688947F1}.Release|Mixed Platforms.ActiveCfg = Release|Any CPU
		{02E31F9C-B35B-42F0-958A-3117688947F1}.Release|Mixed Platforms.Build.0 = Release|Any CPU
		{02E31F9C-B35B-42F0-958A-3117688947F1}.Release|Win32.ActiveCfg = Release|Any CPU
		{02E31F9C-B35B-42F0-958A-3117688947F1}.Release|x86.ActiveCfg = Release|Any CPU
		{0F71E5BB-73C8-4F7C-B0EC-3999E1060F10}.Debug|Any CPU.ActiveCfg = Debug|Any CPU
		{0F71E5BB-73C8-4F7C-B0EC-3999E1060F10}.Debug|Any CPU.Build.0 = Debug|Any CPU
		{0F71E5BB-73C8-4F7C-B0EC-3999E1060F10}.Debug|Mixed Platforms.ActiveCfg = Debug|Any CPU
		{0F71E5BB-73C8-4F7C-B0EC-3999E1060F10}.Debug|Mixed Platforms.Build.0 = Debug|Any CPU
		{0F71E5BB-73C8-4F7C-B0EC-3999E1060F10}.Debug|Win32.ActiveCfg = Debug|Any CPU
		{0F71E5BB-73C8-4F7C-B0EC-3999E1060F10}.Debug|x86.ActiveCfg = Debug|Any CPU
		{0F71E5BB-73C8-4F7C-B0EC-3999E1060F10}.Release|Any CPU.ActiveCfg = Release|Any CPU
		{0F71E5BB-73C8-4F7C-B0EC-3999E1060F10}.Release|Any CPU.Build.0 = Release|Any CPU
		{0F71E5BB-73C8-4F7C-B0EC-3999E1060F10}.Release|Mixed Platforms.ActiveCfg = Release|Any CPU
		{0F71E5BB-73C8-4F7C-B0EC-3999E1060F10}.Release|Mixed Platforms.Build.0 = Release|Any CPU
		{0F71E5BB-73C8-4F7C-B0EC-3999E1060F10}.Release|Win32.ActiveCfg = Release|Any CPU
		{0F71E5BB-73C8-4F7C-B0EC-3999E1060F10}.Release|x86.ActiveCfg = Release|Any CPU
		{19014FBC-1C8C-4391-8BDC-938328BEE567}.Debug|Any CPU.ActiveCfg = Debug|Any CPU
		{19014FBC-1C8C-4391-8BDC-938328BEE567}.Debug|Any CPU.Build.0 = Debug|Any CPU
		{19014FBC-1C8C-4391-8BDC-938328BEE567}.Debug|Mixed Platforms.ActiveCfg = Debug|Any CPU
		{19014FBC-1C8C-4391-8BDC-938328BEE567}.Debug|Mixed Platforms.Build.0 = Debug|Any CPU
		{19014FBC-1C8C-4391-8BDC-938328BEE567}.Debug|Win32.ActiveCfg = Debug|Any CPU
		{19014FBC-1C8C-4391-8BDC-938328BEE567}.Debug|x86.ActiveCfg = Debug|Any CPU
		{19014FBC-1C8C-4391-8BDC-938328BEE567}.Release|Any CPU.ActiveCfg = Release|Any CPU
		{19014FBC-1C8C-4391-8BDC-938328BEE567}.Release|Any CPU.Build.0 = Release|Any CPU
		{19014FBC-1C8C-4391-8BDC-938328BEE567}.Release|Mixed Platforms.ActiveCfg = Release|Any CPU
		{19014FBC-1C8C-4391-8BDC-938328BEE567}.Release|Mixed Platforms.Build.0 = Release|Any CPU
		{19014FBC-1C8C-4391-8BDC-938328BEE567}.Release|Win32.ActiveCfg = Release|Any CPU
		{19014FBC-1C8C-4391-8BDC-938328BEE567}.Release|x86.ActiveCfg = Release|Any CPU
		{DDD530E8-92A7-4940-AB9E-FA92A4E7BF5E}.Debug|Any CPU.ActiveCfg = Debug|Any CPU
		{DDD530E8-92A7-4940-AB9E-FA92A4E7BF5E}.Debug|Any CPU.Build.0 = Debug|Any CPU
		{DDD530E8-92A7-4940-AB9E-FA92A4E7BF5E}.Debug|Mixed Platforms.ActiveCfg = Debug|Any CPU
		{DDD530E8-92A7-4940-AB9E-FA92A4E7BF5E}.Debug|Mixed Platforms.Build.0 = Debug|Any CPU
		{DDD530E8-92A7-4940-AB9E-FA92A4E7BF5E}.Debug|Win32.ActiveCfg = Debug|Any CPU
		{DDD530E8-92A7-4940-AB9E-FA92A4E7BF5E}.Debug|x86.ActiveCfg = Debug|Any CPU
		{DDD530E8-92A7-4940-AB9E-FA92A4E7BF5E}.Release|Any CPU.ActiveCfg = Release|Any CPU
		{DDD530E8-92A7-4940-AB9E-FA92A4E7BF5E}.Release|Any CPU.Build.0 = Release|Any CPU
		{DDD530E8-92A7-4940-AB9E-FA92A4E7BF5E}.Release|Mixed Platforms.ActiveCfg = Release|Any CPU
		{DDD530E8-92A7-4940-AB9E-FA92A4E7BF5E}.Release|Mixed Platforms.Build.0 = Release|Any CPU
		{DDD530E8-92A7-4940-AB9E-FA92A4E7BF5E}.Release|Win32.ActiveCfg = Release|Any CPU
		{DDD530E8-92A7-4940-AB9E-FA92A4E7BF5E}.Release|x86.ActiveCfg = Release|Any CPU
		{0D12E7C1-08EC-48A0-8645-748906F67F32}.Debug|Any CPU.ActiveCfg = Debug|Any CPU
		{0D12E7C1-08EC-48A0-8645-748906F67F32}.Debug|Any CPU.Build.0 = Debug|Any CPU
		{0D12E7C1-08EC-48A0-8645-748906F67F32}.Debug|Mixed Platforms.ActiveCfg = Debug|Any CPU
		{0D12E7C1-08EC-48A0-8645-748906F67F32}.Debug|Mixed Platforms.Build.0 = Debug|Any CPU
		{0D12E7C1-08EC-48A0-8645-748906F67F32}.Debug|Win32.ActiveCfg = Debug|Any CPU
		{0D12E7C1-08EC-48A0-8645-748906F67F32}.Debug|x86.ActiveCfg = Debug|Any CPU
		{0D12E7C1-08EC-48A0-8645-748906F67F32}.Release|Any CPU.ActiveCfg = Release|Any CPU
		{0D12E7C1-08EC-48A0-8645-748906F67F32}.Release|Any CPU.Build.0 = Release|Any CPU
		{0D12E7C1-08EC-48A0-8645-748906F67F32}.Release|Mixed Platforms.ActiveCfg = Release|Any CPU
		{0D12E7C1-08EC-48A0-8645-748906F67F32}.Release|Mixed Platforms.Build.0 = Release|Any CPU
		{0D12E7C1-08EC-48A0-8645-748906F67F32}.Release|Win32.ActiveCfg = Release|Any CPU
		{0D12E7C1-08EC-48A0-8645-748906F67F32}.Release|x86.ActiveCfg = Release|Any CPU
		{631AC093-430F-45F4-BA0C-AF0F0405918A}.Debug|Any CPU.ActiveCfg = Debug|Any CPU
		{631AC093-430F-45F4-BA0C-AF0F0405918A}.Debug|Any CPU.Build.0 = Debug|Any CPU
		{631AC093-430F-45F4-BA0C-AF0F0405918A}.Debug|Mixed Platforms.ActiveCfg = Debug|Any CPU
		{631AC093-430F-45F4-BA0C-AF0F0405918A}.Debug|Mixed Platforms.Build.0 = Debug|Any CPU
		{631AC093-430F-45F4-BA0C-AF0F0405918A}.Debug|Win32.ActiveCfg = Debug|Any CPU
		{631AC093-430F-45F4-BA0C-AF0F0405918A}.Debug|x86.ActiveCfg = Debug|Any CPU
		{631AC093-430F-45F4-BA0C-AF0F0405918A}.Release|Any CPU.ActiveCfg = Release|Any CPU
		{631AC093-430F-45F4-BA0C-AF0F0405918A}.Release|Any CPU.Build.0 = Release|Any CPU
		{631AC093-430F-45F4-BA0C-AF0F0405918A}.Release|Mixed Platforms.ActiveCfg = Release|Any CPU
		{631AC093-430F-45F4-BA0C-AF0F0405918A}.Release|Mixed Platforms.Build.0 = Release|Any CPU
		{631AC093-430F-45F4-BA0C-AF0F0405918A}.Release|Win32.ActiveCfg = Release|Any CPU
		{631AC093-430F-45F4-BA0C-AF0F0405918A}.Release|x86.ActiveCfg = Release|Any CPU
		{2EFAA327-1789-4438-B9F5-E83ACAE12DB2}.Debug|Any CPU.ActiveCfg = Debug|Any CPU
		{2EFAA327-1789-4438-B9F5-E83ACAE12DB2}.Debug|Any CPU.Build.0 = Debug|Any CPU
		{2EFAA327-1789-4438-B9F5-E83ACAE12DB2}.Debug|Mixed Platforms.ActiveCfg = Debug|Any CPU
		{2EFAA327-1789-4438-B9F5-E83ACAE12DB2}.Debug|Mixed Platforms.Build.0 = Debug|Any CPU
		{2EFAA327-1789-4438-B9F5-E83ACAE12DB2}.Debug|Win32.ActiveCfg = Debug|Any CPU
		{2EFAA327-1789-4438-B9F5-E83ACAE12DB2}.Debug|x86.ActiveCfg = Debug|Any CPU
		{2EFAA327-1789-4438-B9F5-E83ACAE12DB2}.Release|Any CPU.ActiveCfg = Release|Any CPU
		{2EFAA327-1789-4438-B9F5-E83ACAE12DB2}.Release|Any CPU.Build.0 = Release|Any CPU
		{2EFAA327-1789-4438-B9F5-E83ACAE12DB2}.Release|Mixed Platforms.ActiveCfg = Release|Any CPU
		{2EFAA327-1789-4438-B9F5-E83ACAE12DB2}.Release|Mixed Platforms.Build.0 = Release|Any CPU
		{2EFAA327-1789-4438-B9F5-E83ACAE12DB2}.Release|Win32.ActiveCfg = Release|Any CPU
		{2EFAA327-1789-4438-B9F5-E83ACAE12DB2}.Release|x86.ActiveCfg = Release|Any CPU
		{C0FAF524-72E4-46F7-8C1B-A6B74DEC5EBE}.Debug|Any CPU.ActiveCfg = Debug|Any CPU
		{C0FAF524-72E4-46F7-8C1B-A6B74DEC5EBE}.Debug|Any CPU.Build.0 = Debug|Any CPU
		{C0FAF524-72E4-46F7-8C1B-A6B74DEC5EBE}.Debug|Mixed Platforms.ActiveCfg = Debug|Any CPU
		{C0FAF524-72E4-46F7-8C1B-A6B74DEC5EBE}.Debug|Mixed Platforms.Build.0 = Debug|Any CPU
		{C0FAF524-72E4-46F7-8C1B-A6B74DEC5EBE}.Debug|Win32.ActiveCfg = Debug|Any CPU
		{C0FAF524-72E4-46F7-8C1B-A6B74DEC5EBE}.Debug|x86.ActiveCfg = Debug|Any CPU
		{C0FAF524-72E4-46F7-8C1B-A6B74DEC5EBE}.Release|Any CPU.ActiveCfg = Release|Any CPU
		{C0FAF524-72E4-46F7-8C1B-A6B74DEC5EBE}.Release|Any CPU.Build.0 = Release|Any CPU
		{C0FAF524-72E4-46F7-8C1B-A6B74DEC5EBE}.Release|Mixed Platforms.ActiveCfg = Release|Any CPU
		{C0FAF524-72E4-46F7-8C1B-A6B74DEC5EBE}.Release|Mixed Platforms.Build.0 = Release|Any CPU
		{C0FAF524-72E4-46F7-8C1B-A6B74DEC5EBE}.Release|Win32.ActiveCfg = Release|Any CPU
		{C0FAF524-72E4-46F7-8C1B-A6B74DEC5EBE}.Release|x86.ActiveCfg = Release|Any CPU
		{25BEA0C8-05BB-4CC0-A780-42CD0ED5E757}.Debug|Any CPU.ActiveCfg = Debug|Any CPU
		{25BEA0C8-05BB-4CC0-A780-42CD0ED5E757}.Debug|Any CPU.Build.0 = Debug|Any CPU
		{25BEA0C8-05BB-4CC0-A780-42CD0ED5E757}.Debug|Mixed Platforms.ActiveCfg = Debug|Any CPU
		{25BEA0C8-05BB-4CC0-A780-42CD0ED5E757}.Debug|Mixed Platforms.Build.0 = Debug|Any CPU
		{25BEA0C8-05BB-4CC0-A780-42CD0ED5E757}.Debug|Win32.ActiveCfg = Debug|Any CPU
		{25BEA0C8-05BB-4CC0-A780-42CD0ED5E757}.Debug|x86.ActiveCfg = Debug|Any CPU
		{25BEA0C8-05BB-4CC0-A780-42CD0ED5E757}.Release|Any CPU.ActiveCfg = Release|Any CPU
		{25BEA0C8-05BB-4CC0-A780-42CD0ED5E757}.Release|Mixed Platforms.ActiveCfg = Release|Any CPU
		{25BEA0C8-05BB-4CC0-A780-42CD0ED5E757}.Release|Mixed Platforms.Build.0 = Release|Any CPU
		{25BEA0C8-05BB-4CC0-A780-42CD0ED5E757}.Release|Win32.ActiveCfg = Release|Any CPU
		{25BEA0C8-05BB-4CC0-A780-42CD0ED5E757}.Release|x86.ActiveCfg = Release|Any CPU
		{62B79DB2-9C42-4847-8FB7-0F97B13FC154}.Debug|Any CPU.ActiveCfg = Debug|Any CPU
		{62B79DB2-9C42-4847-8FB7-0F97B13FC154}.Debug|Any CPU.Build.0 = Debug|Any CPU
		{62B79DB2-9C42-4847-8FB7-0F97B13FC154}.Debug|Mixed Platforms.ActiveCfg = Debug|Any CPU
		{62B79DB2-9C42-4847-8FB7-0F97B13FC154}.Debug|Mixed Platforms.Build.0 = Debug|Any CPU
		{62B79DB2-9C42-4847-8FB7-0F97B13FC154}.Debug|Win32.ActiveCfg = Debug|Any CPU
		{62B79DB2-9C42-4847-8FB7-0F97B13FC154}.Debug|x86.ActiveCfg = Debug|Any CPU
		{62B79DB2-9C42-4847-8FB7-0F97B13FC154}.Release|Any CPU.ActiveCfg = Release|Any CPU
		{62B79DB2-9C42-4847-8FB7-0F97B13FC154}.Release|Any CPU.Build.0 = Release|Any CPU
		{62B79DB2-9C42-4847-8FB7-0F97B13FC154}.Release|Mixed Platforms.ActiveCfg = Release|Any CPU
		{62B79DB2-9C42-4847-8FB7-0F97B13FC154}.Release|Mixed Platforms.Build.0 = Release|Any CPU
		{62B79DB2-9C42-4847-8FB7-0F97B13FC154}.Release|Win32.ActiveCfg = Release|Any CPU
		{62B79DB2-9C42-4847-8FB7-0F97B13FC154}.Release|x86.ActiveCfg = Release|Any CPU
		{3D145630-7F53-4630-8E1A-FB283A49E795}.Debug|Any CPU.ActiveCfg = Debug|Any CPU
		{3D145630-7F53-4630-8E1A-FB283A49E795}.Debug|Any CPU.Build.0 = Debug|Any CPU
		{3D145630-7F53-4630-8E1A-FB283A49E795}.Debug|Mixed Platforms.ActiveCfg = Debug|Any CPU
		{3D145630-7F53-4630-8E1A-FB283A49E795}.Debug|Mixed Platforms.Build.0 = Debug|Any CPU
		{3D145630-7F53-4630-8E1A-FB283A49E795}.Debug|Win32.ActiveCfg = Debug|Any CPU
		{3D145630-7F53-4630-8E1A-FB283A49E795}.Debug|x86.ActiveCfg = Debug|Any CPU
		{3D145630-7F53-4630-8E1A-FB283A49E795}.Release|Any CPU.ActiveCfg = Release|Any CPU
		{3D145630-7F53-4630-8E1A-FB283A49E795}.Release|Any CPU.Build.0 = Release|Any CPU
		{3D145630-7F53-4630-8E1A-FB283A49E795}.Release|Mixed Platforms.ActiveCfg = Release|Any CPU
		{3D145630-7F53-4630-8E1A-FB283A49E795}.Release|Mixed Platforms.Build.0 = Release|Any CPU
		{3D145630-7F53-4630-8E1A-FB283A49E795}.Release|Win32.ActiveCfg = Release|Any CPU
		{3D145630-7F53-4630-8E1A-FB283A49E795}.Release|x86.ActiveCfg = Release|Any CPU
		{5B914B9D-BA92-4110-BF2E-DFF10EB9738F}.Debug|Any CPU.ActiveCfg = Debug
		{5B914B9D-BA92-4110-BF2E-DFF10EB9738F}.Debug|Mixed Platforms.ActiveCfg = Debug
		{5B914B9D-BA92-4110-BF2E-DFF10EB9738F}.Debug|Win32.ActiveCfg = Debug
		{5B914B9D-BA92-4110-BF2E-DFF10EB9738F}.Debug|Win32.Build.0 = Debug
		{5B914B9D-BA92-4110-BF2E-DFF10EB9738F}.Debug|x86.ActiveCfg = Debug
		{5B914B9D-BA92-4110-BF2E-DFF10EB9738F}.Debug|x86.Build.0 = Debug
		{5B914B9D-BA92-4110-BF2E-DFF10EB9738F}.Release|Any CPU.ActiveCfg = Release
		{5B914B9D-BA92-4110-BF2E-DFF10EB9738F}.Release|Mixed Platforms.ActiveCfg = Release
		{5B914B9D-BA92-4110-BF2E-DFF10EB9738F}.Release|Win32.ActiveCfg = Release
		{5B914B9D-BA92-4110-BF2E-DFF10EB9738F}.Release|Win32.Build.0 = Release
		{5B914B9D-BA92-4110-BF2E-DFF10EB9738F}.Release|x86.ActiveCfg = Release
		{5B914B9D-BA92-4110-BF2E-DFF10EB9738F}.Release|x86.Build.0 = Release
		{88C34C71-8C1E-4B82-A0B2-1843F10A831F}.Debug|Any CPU.ActiveCfg = Debug|Win32
		{88C34C71-8C1E-4B82-A0B2-1843F10A831F}.Debug|Any CPU.Build.0 = Debug|Win32
		{88C34C71-8C1E-4B82-A0B2-1843F10A831F}.Debug|Mixed Platforms.ActiveCfg = Debug|Win32
		{88C34C71-8C1E-4B82-A0B2-1843F10A831F}.Debug|Mixed Platforms.Build.0 = Debug|Win32
		{88C34C71-8C1E-4B82-A0B2-1843F10A831F}.Debug|Win32.ActiveCfg = Debug|Win32
		{88C34C71-8C1E-4B82-A0B2-1843F10A831F}.Debug|Win32.Build.0 = Debug|Win32
		{88C34C71-8C1E-4B82-A0B2-1843F10A831F}.Debug|x86.ActiveCfg = Debug|Win32
		{88C34C71-8C1E-4B82-A0B2-1843F10A831F}.Release|Any CPU.ActiveCfg = Release|Win32
		{88C34C71-8C1E-4B82-A0B2-1843F10A831F}.Release|Any CPU.Build.0 = Release|Win32
		{88C34C71-8C1E-4B82-A0B2-1843F10A831F}.Release|Mixed Platforms.ActiveCfg = Release|Win32
		{88C34C71-8C1E-4B82-A0B2-1843F10A831F}.Release|Mixed Platforms.Build.0 = Release|Win32
		{88C34C71-8C1E-4B82-A0B2-1843F10A831F}.Release|Win32.ActiveCfg = Release|Win32
		{88C34C71-8C1E-4B82-A0B2-1843F10A831F}.Release|Win32.Build.0 = Release|Win32
		{88C34C71-8C1E-4B82-A0B2-1843F10A831F}.Release|x86.ActiveCfg = Release|Win32
		{35D67C04-B4A3-4E40-AAA5-0931853C115C}.Debug|Any CPU.ActiveCfg = Debug|Any CPU
		{35D67C04-B4A3-4E40-AAA5-0931853C115C}.Debug|Any CPU.Build.0 = Debug|Any CPU
		{35D67C04-B4A3-4E40-AAA5-0931853C115C}.Debug|Mixed Platforms.ActiveCfg = Debug|Any CPU
		{35D67C04-B4A3-4E40-AAA5-0931853C115C}.Debug|Mixed Platforms.Build.0 = Debug|Any CPU
		{35D67C04-B4A3-4E40-AAA5-0931853C115C}.Debug|Win32.ActiveCfg = Debug|x86
		{35D67C04-B4A3-4E40-AAA5-0931853C115C}.Debug|x86.ActiveCfg = Debug|x86
		{35D67C04-B4A3-4E40-AAA5-0931853C115C}.Debug|x86.Build.0 = Debug|x86
		{35D67C04-B4A3-4E40-AAA5-0931853C115C}.Release|Any CPU.ActiveCfg = Release|Any CPU
		{35D67C04-B4A3-4E40-AAA5-0931853C115C}.Release|Any CPU.Build.0 = Release|Any CPU
		{35D67C04-B4A3-4E40-AAA5-0931853C115C}.Release|Mixed Platforms.ActiveCfg = Release|Any CPU
		{35D67C04-B4A3-4E40-AAA5-0931853C115C}.Release|Mixed Platforms.Build.0 = Release|Any CPU
		{35D67C04-B4A3-4E40-AAA5-0931853C115C}.Release|Win32.ActiveCfg = Release|x86
		{35D67C04-B4A3-4E40-AAA5-0931853C115C}.Release|x86.ActiveCfg = Release|x86
		{35D67C04-B4A3-4E40-AAA5-0931853C115C}.Release|x86.Build.0 = Release|x86
		{49BD292A-92A2-4A5E-BFE2-2212C87A91A5}.Debug|Any CPU.ActiveCfg = Debug|Any CPU
		{49BD292A-92A2-4A5E-BFE2-2212C87A91A5}.Debug|Any CPU.Build.0 = Debug|Any CPU
		{49BD292A-92A2-4A5E-BFE2-2212C87A91A5}.Debug|Mixed Platforms.ActiveCfg = Debug|Any CPU
		{49BD292A-92A2-4A5E-BFE2-2212C87A91A5}.Debug|Mixed Platforms.Build.0 = Debug|Any CPU
		{49BD292A-92A2-4A5E-BFE2-2212C87A91A5}.Debug|Win32.ActiveCfg = Debug|Any CPU
		{49BD292A-92A2-4A5E-BFE2-2212C87A91A5}.Debug|x86.ActiveCfg = Debug|Any CPU
		{49BD292A-92A2-4A5E-BFE2-2212C87A91A5}.Release|Any CPU.ActiveCfg = Release|Any CPU
		{49BD292A-92A2-4A5E-BFE2-2212C87A91A5}.Release|Any CPU.Build.0 = Release|Any CPU
		{49BD292A-92A2-4A5E-BFE2-2212C87A91A5}.Release|Mixed Platforms.ActiveCfg = Release|Any CPU
		{49BD292A-92A2-4A5E-BFE2-2212C87A91A5}.Release|Mixed Platforms.Build.0 = Release|Any CPU
		{49BD292A-92A2-4A5E-BFE2-2212C87A91A5}.Release|Win32.ActiveCfg = Release|Any CPU
		{49BD292A-92A2-4A5E-BFE2-2212C87A91A5}.Release|x86.ActiveCfg = Release|Any CPU
		{1A696E70-200D-4542-B763-2A1955107CD3}.Debug|Any CPU.ActiveCfg = Debug|Any CPU
		{1A696E70-200D-4542-B763-2A1955107CD3}.Debug|Any CPU.Build.0 = Debug|Any CPU
		{1A696E70-200D-4542-B763-2A1955107CD3}.Debug|Mixed Platforms.ActiveCfg = Debug|Any CPU
		{1A696E70-200D-4542-B763-2A1955107CD3}.Debug|Mixed Platforms.Build.0 = Debug|Any CPU
		{1A696E70-200D-4542-B763-2A1955107CD3}.Debug|Win32.ActiveCfg = Debug|Any CPU
		{1A696E70-200D-4542-B763-2A1955107CD3}.Debug|x86.ActiveCfg = Debug|Any CPU
		{1A696E70-200D-4542-B763-2A1955107CD3}.Release|Any CPU.ActiveCfg = Release|Any CPU
		{1A696E70-200D-4542-B763-2A1955107CD3}.Release|Any CPU.Build.0 = Release|Any CPU
		{1A696E70-200D-4542-B763-2A1955107CD3}.Release|Mixed Platforms.ActiveCfg = Release|Any CPU
		{1A696E70-200D-4542-B763-2A1955107CD3}.Release|Mixed Platforms.Build.0 = Release|Any CPU
		{1A696E70-200D-4542-B763-2A1955107CD3}.Release|Win32.ActiveCfg = Release|Any CPU
		{1A696E70-200D-4542-B763-2A1955107CD3}.Release|x86.ActiveCfg = Release|Any CPU
		{05F235BA-4E21-4A55-AEA4-FF26A8DF262E}.Debug|Any CPU.ActiveCfg = Debug|x86
		{05F235BA-4E21-4A55-AEA4-FF26A8DF262E}.Debug|Any CPU.Build.0 = Debug|x86
		{05F235BA-4E21-4A55-AEA4-FF26A8DF262E}.Debug|Mixed Platforms.ActiveCfg = Debug|x86
		{05F235BA-4E21-4A55-AEA4-FF26A8DF262E}.Debug|Mixed Platforms.Build.0 = Debug|x86
		{05F235BA-4E21-4A55-AEA4-FF26A8DF262E}.Debug|Win32.ActiveCfg = Debug|x86
		{05F235BA-4E21-4A55-AEA4-FF26A8DF262E}.Debug|x86.ActiveCfg = Debug|x86
		{05F235BA-4E21-4A55-AEA4-FF26A8DF262E}.Debug|x86.Build.0 = Debug|x86
		{05F235BA-4E21-4A55-AEA4-FF26A8DF262E}.Release|Any CPU.ActiveCfg = Release|x86
		{05F235BA-4E21-4A55-AEA4-FF26A8DF262E}.Release|Mixed Platforms.ActiveCfg = Release|x86
		{05F235BA-4E21-4A55-AEA4-FF26A8DF262E}.Release|Mixed Platforms.Build.0 = Release|x86
		{05F235BA-4E21-4A55-AEA4-FF26A8DF262E}.Release|Win32.ActiveCfg = Release|x86
		{05F235BA-4E21-4A55-AEA4-FF26A8DF262E}.Release|x86.ActiveCfg = Release|x86
		{05F235BA-4E21-4A55-AEA4-FF26A8DF262E}.Release|x86.Build.0 = Release|x86
		{CE36C987-82B3-48D3-9DAA-4CF9F047FB6E}.Debug|Any CPU.ActiveCfg = Debug|Any CPU
		{CE36C987-82B3-48D3-9DAA-4CF9F047FB6E}.Debug|Any CPU.Build.0 = Debug|Any CPU
		{CE36C987-82B3-48D3-9DAA-4CF9F047FB6E}.Debug|Mixed Platforms.ActiveCfg = Debug|Any CPU
		{CE36C987-82B3-48D3-9DAA-4CF9F047FB6E}.Debug|Mixed Platforms.Build.0 = Debug|Any CPU
		{CE36C987-82B3-48D3-9DAA-4CF9F047FB6E}.Debug|Win32.ActiveCfg = Debug|Any CPU
		{CE36C987-82B3-48D3-9DAA-4CF9F047FB6E}.Debug|x86.ActiveCfg = Debug|Any CPU
		{CE36C987-82B3-48D3-9DAA-4CF9F047FB6E}.Release|Any CPU.ActiveCfg = Release|Any CPU
		{CE36C987-82B3-48D3-9DAA-4CF9F047FB6E}.Release|Any CPU.Build.0 = Release|Any CPU
		{CE36C987-82B3-48D3-9DAA-4CF9F047FB6E}.Release|Mixed Platforms.ActiveCfg = Release|Any CPU
		{CE36C987-82B3-48D3-9DAA-4CF9F047FB6E}.Release|Mixed Platforms.Build.0 = Release|Any CPU
		{CE36C987-82B3-48D3-9DAA-4CF9F047FB6E}.Release|Win32.ActiveCfg = Release|Any CPU
		{CE36C987-82B3-48D3-9DAA-4CF9F047FB6E}.Release|x86.ActiveCfg = Release|Any CPU
		{C89CD142-E925-4493-83E5-DB688CE90536}.Debug|Any CPU.ActiveCfg = Debug|Any CPU
		{C89CD142-E925-4493-83E5-DB688CE90536}.Debug|Any CPU.Build.0 = Debug|Any CPU
		{C89CD142-E925-4493-83E5-DB688CE90536}.Debug|Mixed Platforms.ActiveCfg = Debug|Any CPU
		{C89CD142-E925-4493-83E5-DB688CE90536}.Debug|Mixed Platforms.Build.0 = Debug|Any CPU
		{C89CD142-E925-4493-83E5-DB688CE90536}.Debug|Win32.ActiveCfg = Debug|Any CPU
		{C89CD142-E925-4493-83E5-DB688CE90536}.Debug|x86.ActiveCfg = Debug|Any CPU
		{C89CD142-E925-4493-83E5-DB688CE90536}.Release|Any CPU.ActiveCfg = Release|Any CPU
		{C89CD142-E925-4493-83E5-DB688CE90536}.Release|Any CPU.Build.0 = Release|Any CPU
		{C89CD142-E925-4493-83E5-DB688CE90536}.Release|Mixed Platforms.ActiveCfg = Release|Any CPU
		{C89CD142-E925-4493-83E5-DB688CE90536}.Release|Mixed Platforms.Build.0 = Release|Any CPU
		{C89CD142-E925-4493-83E5-DB688CE90536}.Release|Win32.ActiveCfg = Release|Any CPU
		{C89CD142-E925-4493-83E5-DB688CE90536}.Release|x86.ActiveCfg = Release|Any CPU
		{2C4C2C8C-CF13-439F-B056-C2B05E8C21DD}.Debug|Any CPU.ActiveCfg = Debug|Any CPU
		{2C4C2C8C-CF13-439F-B056-C2B05E8C21DD}.Debug|Any CPU.Build.0 = Debug|Any CPU
		{2C4C2C8C-CF13-439F-B056-C2B05E8C21DD}.Debug|Mixed Platforms.ActiveCfg = Debug|Any CPU
		{2C4C2C8C-CF13-439F-B056-C2B05E8C21DD}.Debug|Mixed Platforms.Build.0 = Debug|Any CPU
		{2C4C2C8C-CF13-439F-B056-C2B05E8C21DD}.Debug|Win32.ActiveCfg = Debug|Any CPU
		{2C4C2C8C-CF13-439F-B056-C2B05E8C21DD}.Debug|x86.ActiveCfg = Debug|Any CPU
		{2C4C2C8C-CF13-439F-B056-C2B05E8C21DD}.Release|Any CPU.ActiveCfg = Release|Any CPU
		{2C4C2C8C-CF13-439F-B056-C2B05E8C21DD}.Release|Any CPU.Build.0 = Release|Any CPU
		{2C4C2C8C-CF13-439F-B056-C2B05E8C21DD}.Release|Mixed Platforms.ActiveCfg = Release|Any CPU
		{2C4C2C8C-CF13-439F-B056-C2B05E8C21DD}.Release|Mixed Platforms.Build.0 = Release|Any CPU
		{2C4C2C8C-CF13-439F-B056-C2B05E8C21DD}.Release|Win32.ActiveCfg = Release|Any CPU
		{2C4C2C8C-CF13-439F-B056-C2B05E8C21DD}.Release|x86.ActiveCfg = Release|Any CPU
		{92AF6023-CCFF-47CE-8F92-DC9952D9E0DD}.Debug|Any CPU.ActiveCfg = Debug|Any CPU
		{92AF6023-CCFF-47CE-8F92-DC9952D9E0DD}.Debug|Any CPU.Build.0 = Debug|Any CPU
		{92AF6023-CCFF-47CE-8F92-DC9952D9E0DD}.Debug|Mixed Platforms.ActiveCfg = Debug|Any CPU
		{92AF6023-CCFF-47CE-8F92-DC9952D9E0DD}.Debug|Mixed Platforms.Build.0 = Debug|Any CPU
		{92AF6023-CCFF-47CE-8F92-DC9952D9E0DD}.Debug|Win32.ActiveCfg = Debug|Any CPU
		{92AF6023-CCFF-47CE-8F92-DC9952D9E0DD}.Debug|x86.ActiveCfg = Debug|Any CPU
		{92AF6023-CCFF-47CE-8F92-DC9952D9E0DD}.Release|Any CPU.ActiveCfg = Release|Any CPU
		{92AF6023-CCFF-47CE-8F92-DC9952D9E0DD}.Release|Any CPU.Build.0 = Release|Any CPU
		{92AF6023-CCFF-47CE-8F92-DC9952D9E0DD}.Release|Mixed Platforms.ActiveCfg = Release|Any CPU
		{92AF6023-CCFF-47CE-8F92-DC9952D9E0DD}.Release|Mixed Platforms.Build.0 = Release|Any CPU
		{92AF6023-CCFF-47CE-8F92-DC9952D9E0DD}.Release|Win32.ActiveCfg = Release|Any CPU
		{92AF6023-CCFF-47CE-8F92-DC9952D9E0DD}.Release|x86.ActiveCfg = Release|Any CPU
		{AA7FF419-EEAF-408B-910C-73E3BCCCD0AF}.Debug|Any CPU.ActiveCfg = Debug|Any CPU
		{AA7FF419-EEAF-408B-910C-73E3BCCCD0AF}.Debug|Any CPU.Build.0 = Debug|Any CPU
		{AA7FF419-EEAF-408B-910C-73E3BCCCD0AF}.Debug|Mixed Platforms.ActiveCfg = Debug|Any CPU
		{AA7FF419-EEAF-408B-910C-73E3BCCCD0AF}.Debug|Mixed Platforms.Build.0 = Debug|Any CPU
		{AA7FF419-EEAF-408B-910C-73E3BCCCD0AF}.Debug|Win32.ActiveCfg = Debug|Any CPU
		{AA7FF419-EEAF-408B-910C-73E3BCCCD0AF}.Debug|x86.ActiveCfg = Debug|Any CPU
		{AA7FF419-EEAF-408B-910C-73E3BCCCD0AF}.Release|Any CPU.ActiveCfg = Release|Any CPU
		{AA7FF419-EEAF-408B-910C-73E3BCCCD0AF}.Release|Any CPU.Build.0 = Release|Any CPU
		{AA7FF419-EEAF-408B-910C-73E3BCCCD0AF}.Release|Mixed Platforms.ActiveCfg = Release|Any CPU
		{AA7FF419-EEAF-408B-910C-73E3BCCCD0AF}.Release|Mixed Platforms.Build.0 = Release|Any CPU
		{AA7FF419-EEAF-408B-910C-73E3BCCCD0AF}.Release|Win32.ActiveCfg = Release|Any CPU
		{AA7FF419-EEAF-408B-910C-73E3BCCCD0AF}.Release|x86.ActiveCfg = Release|Any CPU
		{9A17BAB5-0979-430F-B7CC-1C6225CFD37A}.Debug|Any CPU.ActiveCfg = Debug|Any CPU
		{9A17BAB5-0979-430F-B7CC-1C6225CFD37A}.Debug|Any CPU.Build.0 = Debug|Any CPU
		{9A17BAB5-0979-430F-B7CC-1C6225CFD37A}.Debug|Mixed Platforms.ActiveCfg = Debug|Any CPU
		{9A17BAB5-0979-430F-B7CC-1C6225CFD37A}.Debug|Mixed Platforms.Build.0 = Debug|Any CPU
		{9A17BAB5-0979-430F-B7CC-1C6225CFD37A}.Debug|Win32.ActiveCfg = Debug|Any CPU
		{9A17BAB5-0979-430F-B7CC-1C6225CFD37A}.Debug|x86.ActiveCfg = Debug|Any CPU
		{9A17BAB5-0979-430F-B7CC-1C6225CFD37A}.Release|Any CPU.ActiveCfg = Release|Any CPU
		{9A17BAB5-0979-430F-B7CC-1C6225CFD37A}.Release|Any CPU.Build.0 = Release|Any CPU
		{9A17BAB5-0979-430F-B7CC-1C6225CFD37A}.Release|Mixed Platforms.ActiveCfg = Release|Any CPU
		{9A17BAB5-0979-430F-B7CC-1C6225CFD37A}.Release|Mixed Platforms.Build.0 = Release|Any CPU
		{9A17BAB5-0979-430F-B7CC-1C6225CFD37A}.Release|Win32.ActiveCfg = Release|Any CPU
		{9A17BAB5-0979-430F-B7CC-1C6225CFD37A}.Release|x86.ActiveCfg = Release|Any CPU
		{F85CAD53-A0E4-4F95-826A-281E0D26E78F}.Debug|Any CPU.ActiveCfg = Debug|Any CPU
		{F85CAD53-A0E4-4F95-826A-281E0D26E78F}.Debug|Any CPU.Build.0 = Debug|Any CPU
		{F85CAD53-A0E4-4F95-826A-281E0D26E78F}.Debug|Mixed Platforms.ActiveCfg = Debug|Any CPU
		{F85CAD53-A0E4-4F95-826A-281E0D26E78F}.Debug|Mixed Platforms.Build.0 = Debug|Any CPU
		{F85CAD53-A0E4-4F95-826A-281E0D26E78F}.Debug|Win32.ActiveCfg = Debug|Any CPU
		{F85CAD53-A0E4-4F95-826A-281E0D26E78F}.Debug|x86.ActiveCfg = Debug|Any CPU
		{F85CAD53-A0E4-4F95-826A-281E0D26E78F}.Release|Any CPU.ActiveCfg = Release|Any CPU
		{F85CAD53-A0E4-4F95-826A-281E0D26E78F}.Release|Any CPU.Build.0 = Release|Any CPU
		{F85CAD53-A0E4-4F95-826A-281E0D26E78F}.Release|Mixed Platforms.ActiveCfg = Release|Any CPU
		{F85CAD53-A0E4-4F95-826A-281E0D26E78F}.Release|Mixed Platforms.Build.0 = Release|Any CPU
		{F85CAD53-A0E4-4F95-826A-281E0D26E78F}.Release|Win32.ActiveCfg = Release|Any CPU
		{F85CAD53-A0E4-4F95-826A-281E0D26E78F}.Release|x86.ActiveCfg = Release|Any CPU
		{3A80A361-0F0D-4EF0-A9DF-3F4F13C5AF71}.Debug|Any CPU.ActiveCfg = Debug|Any CPU
		{3A80A361-0F0D-4EF0-A9DF-3F4F13C5AF71}.Debug|Any CPU.Build.0 = Debug|Any CPU
		{3A80A361-0F0D-4EF0-A9DF-3F4F13C5AF71}.Debug|Mixed Platforms.ActiveCfg = Debug|Any CPU
		{3A80A361-0F0D-4EF0-A9DF-3F4F13C5AF71}.Debug|Mixed Platforms.Build.0 = Debug|Any CPU
		{3A80A361-0F0D-4EF0-A9DF-3F4F13C5AF71}.Debug|Win32.ActiveCfg = Debug|Any CPU
		{3A80A361-0F0D-4EF0-A9DF-3F4F13C5AF71}.Debug|x86.ActiveCfg = Debug|Any CPU
		{3A80A361-0F0D-4EF0-A9DF-3F4F13C5AF71}.Release|Any CPU.ActiveCfg = Release|Any CPU
		{3A80A361-0F0D-4EF0-A9DF-3F4F13C5AF71}.Release|Any CPU.Build.0 = Release|Any CPU
		{3A80A361-0F0D-4EF0-A9DF-3F4F13C5AF71}.Release|Mixed Platforms.ActiveCfg = Release|Any CPU
		{3A80A361-0F0D-4EF0-A9DF-3F4F13C5AF71}.Release|Mixed Platforms.Build.0 = Release|Any CPU
		{3A80A361-0F0D-4EF0-A9DF-3F4F13C5AF71}.Release|Win32.ActiveCfg = Release|Any CPU
		{3A80A361-0F0D-4EF0-A9DF-3F4F13C5AF71}.Release|x86.ActiveCfg = Release|Any CPU
		{B0F602B3-91E5-448F-9618-C56002B9079D}.Debug|Any CPU.ActiveCfg = Debug|Any CPU
		{B0F602B3-91E5-448F-9618-C56002B9079D}.Debug|Any CPU.Build.0 = Debug|Any CPU
		{B0F602B3-91E5-448F-9618-C56002B9079D}.Debug|Mixed Platforms.ActiveCfg = Debug|Any CPU
		{B0F602B3-91E5-448F-9618-C56002B9079D}.Debug|Mixed Platforms.Build.0 = Debug|Any CPU
		{B0F602B3-91E5-448F-9618-C56002B9079D}.Debug|Win32.ActiveCfg = Debug|Any CPU
		{B0F602B3-91E5-448F-9618-C56002B9079D}.Debug|x86.ActiveCfg = Debug|Any CPU
		{B0F602B3-91E5-448F-9618-C56002B9079D}.Release|Any CPU.ActiveCfg = Release|Any CPU
		{B0F602B3-91E5-448F-9618-C56002B9079D}.Release|Any CPU.Build.0 = Release|Any CPU
		{B0F602B3-91E5-448F-9618-C56002B9079D}.Release|Mixed Platforms.ActiveCfg = Release|Any CPU
		{B0F602B3-91E5-448F-9618-C56002B9079D}.Release|Mixed Platforms.Build.0 = Release|Any CPU
		{B0F602B3-91E5-448F-9618-C56002B9079D}.Release|Win32.ActiveCfg = Release|Any CPU
		{B0F602B3-91E5-448F-9618-C56002B9079D}.Release|x86.ActiveCfg = Release|Any CPU
		{334A7228-D764-4C7A-BCDC-BDD3F8C0AF2D}.Debug|Any CPU.ActiveCfg = Debug|Any CPU
		{334A7228-D764-4C7A-BCDC-BDD3F8C0AF2D}.Debug|Any CPU.Build.0 = Debug|Any CPU
		{334A7228-D764-4C7A-BCDC-BDD3F8C0AF2D}.Debug|Mixed Platforms.ActiveCfg = Debug|Any CPU
		{334A7228-D764-4C7A-BCDC-BDD3F8C0AF2D}.Debug|Mixed Platforms.Build.0 = Debug|Any CPU
		{334A7228-D764-4C7A-BCDC-BDD3F8C0AF2D}.Debug|Win32.ActiveCfg = Debug|Any CPU
		{334A7228-D764-4C7A-BCDC-BDD3F8C0AF2D}.Debug|x86.ActiveCfg = Debug|Any CPU
		{334A7228-D764-4C7A-BCDC-BDD3F8C0AF2D}.Release|Any CPU.ActiveCfg = Release|Any CPU
		{334A7228-D764-4C7A-BCDC-BDD3F8C0AF2D}.Release|Any CPU.Build.0 = Release|Any CPU
		{334A7228-D764-4C7A-BCDC-BDD3F8C0AF2D}.Release|Mixed Platforms.ActiveCfg = Release|Any CPU
		{334A7228-D764-4C7A-BCDC-BDD3F8C0AF2D}.Release|Mixed Platforms.Build.0 = Release|Any CPU
		{334A7228-D764-4C7A-BCDC-BDD3F8C0AF2D}.Release|Win32.ActiveCfg = Release|Any CPU
		{334A7228-D764-4C7A-BCDC-BDD3F8C0AF2D}.Release|x86.ActiveCfg = Release|Any CPU
		{438650AB-72ED-4617-91E9-2964351A1C50}.Debug|Any CPU.ActiveCfg = Debug|Any CPU
		{438650AB-72ED-4617-91E9-2964351A1C50}.Debug|Any CPU.Build.0 = Debug|Any CPU
		{438650AB-72ED-4617-91E9-2964351A1C50}.Debug|Mixed Platforms.ActiveCfg = Debug|Any CPU
		{438650AB-72ED-4617-91E9-2964351A1C50}.Debug|Mixed Platforms.Build.0 = Debug|Any CPU
		{438650AB-72ED-4617-91E9-2964351A1C50}.Debug|Win32.ActiveCfg = Debug|Any CPU
		{438650AB-72ED-4617-91E9-2964351A1C50}.Debug|x86.ActiveCfg = Debug|Any CPU
		{438650AB-72ED-4617-91E9-2964351A1C50}.Release|Any CPU.ActiveCfg = Release|Any CPU
		{438650AB-72ED-4617-91E9-2964351A1C50}.Release|Any CPU.Build.0 = Release|Any CPU
		{438650AB-72ED-4617-91E9-2964351A1C50}.Release|Mixed Platforms.ActiveCfg = Release|Any CPU
		{438650AB-72ED-4617-91E9-2964351A1C50}.Release|Mixed Platforms.Build.0 = Release|Any CPU
		{438650AB-72ED-4617-91E9-2964351A1C50}.Release|Win32.ActiveCfg = Release|Any CPU
		{438650AB-72ED-4617-91E9-2964351A1C50}.Release|x86.ActiveCfg = Release|Any CPU
		{7A360BBD-7674-4CBA-84A7-41D7A5E99C21}.Debug|Any CPU.ActiveCfg = Debug|Any CPU
		{7A360BBD-7674-4CBA-84A7-41D7A5E99C21}.Debug|Any CPU.Build.0 = Debug|Any CPU
		{7A360BBD-7674-4CBA-84A7-41D7A5E99C21}.Debug|Mixed Platforms.ActiveCfg = Debug|Any CPU
		{7A360BBD-7674-4CBA-84A7-41D7A5E99C21}.Debug|Mixed Platforms.Build.0 = Debug|Any CPU
		{7A360BBD-7674-4CBA-84A7-41D7A5E99C21}.Debug|Win32.ActiveCfg = Debug|Any CPU
		{7A360BBD-7674-4CBA-84A7-41D7A5E99C21}.Debug|x86.ActiveCfg = Debug|Any CPU
		{7A360BBD-7674-4CBA-84A7-41D7A5E99C21}.Release|Any CPU.ActiveCfg = Release|Any CPU
		{7A360BBD-7674-4CBA-84A7-41D7A5E99C21}.Release|Any CPU.Build.0 = Release|Any CPU
		{7A360BBD-7674-4CBA-84A7-41D7A5E99C21}.Release|Mixed Platforms.ActiveCfg = Release|Any CPU
		{7A360BBD-7674-4CBA-84A7-41D7A5E99C21}.Release|Mixed Platforms.Build.0 = Release|Any CPU
		{7A360BBD-7674-4CBA-84A7-41D7A5E99C21}.Release|Win32.ActiveCfg = Release|Any CPU
		{7A360BBD-7674-4CBA-84A7-41D7A5E99C21}.Release|x86.ActiveCfg = Release|Any CPU
		{5C1F3C97-E09D-48F2-AF4D-631359D767DB}.Debug|Any CPU.ActiveCfg = Debug|Any CPU
		{5C1F3C97-E09D-48F2-AF4D-631359D767DB}.Debug|Any CPU.Build.0 = Debug|Any CPU
		{5C1F3C97-E09D-48F2-AF4D-631359D767DB}.Debug|Mixed Platforms.ActiveCfg = Debug|Any CPU
		{5C1F3C97-E09D-48F2-AF4D-631359D767DB}.Debug|Mixed Platforms.Build.0 = Debug|Any CPU
		{5C1F3C97-E09D-48F2-AF4D-631359D767DB}.Debug|Win32.ActiveCfg = Debug|Any CPU
		{5C1F3C97-E09D-48F2-AF4D-631359D767DB}.Debug|x86.ActiveCfg = Debug|Any CPU
		{5C1F3C97-E09D-48F2-AF4D-631359D767DB}.Release|Any CPU.ActiveCfg = Release|Any CPU
		{5C1F3C97-E09D-48F2-AF4D-631359D767DB}.Release|Any CPU.Build.0 = Release|Any CPU
		{5C1F3C97-E09D-48F2-AF4D-631359D767DB}.Release|Mixed Platforms.ActiveCfg = Release|Any CPU
		{5C1F3C97-E09D-48F2-AF4D-631359D767DB}.Release|Mixed Platforms.Build.0 = Release|Any CPU
		{5C1F3C97-E09D-48F2-AF4D-631359D767DB}.Release|Win32.ActiveCfg = Release|Any CPU
		{5C1F3C97-E09D-48F2-AF4D-631359D767DB}.Release|x86.ActiveCfg = Release|Any CPU
		{5ECED2A5-D51B-45CD-B408-A641A6E22C77}.Debug|Any CPU.ActiveCfg = Debug|x86
		{5ECED2A5-D51B-45CD-B408-A641A6E22C77}.Debug|Any CPU.Build.0 = Debug|x86
		{5ECED2A5-D51B-45CD-B408-A641A6E22C77}.Debug|Mixed Platforms.ActiveCfg = Debug|x86
		{5ECED2A5-D51B-45CD-B408-A641A6E22C77}.Debug|Mixed Platforms.Build.0 = Debug|x86
		{5ECED2A5-D51B-45CD-B408-A641A6E22C77}.Debug|Win32.ActiveCfg = Debug|x86
		{5ECED2A5-D51B-45CD-B408-A641A6E22C77}.Debug|x86.ActiveCfg = Debug|x86
		{5ECED2A5-D51B-45CD-B408-A641A6E22C77}.Debug|x86.Build.0 = Debug|x86
		{5ECED2A5-D51B-45CD-B408-A641A6E22C77}.Release|Any CPU.ActiveCfg = Release|x86
		{5ECED2A5-D51B-45CD-B408-A641A6E22C77}.Release|Mixed Platforms.ActiveCfg = Release|x86
		{5ECED2A5-D51B-45CD-B408-A641A6E22C77}.Release|Mixed Platforms.Build.0 = Release|x86
		{5ECED2A5-D51B-45CD-B408-A641A6E22C77}.Release|Win32.ActiveCfg = Release|x86
		{5ECED2A5-D51B-45CD-B408-A641A6E22C77}.Release|x86.ActiveCfg = Release|x86
		{5ECED2A5-D51B-45CD-B408-A641A6E22C77}.Release|x86.Build.0 = Release|x86
		{AFCCE700-4FF0-42A3-BA55-7BFD859416D9}.Debug|Any CPU.ActiveCfg = Debug|Any CPU
		{AFCCE700-4FF0-42A3-BA55-7BFD859416D9}.Debug|Any CPU.Build.0 = Debug|Any CPU
		{AFCCE700-4FF0-42A3-BA55-7BFD859416D9}.Debug|Mixed Platforms.ActiveCfg = Debug|Any CPU
		{AFCCE700-4FF0-42A3-BA55-7BFD859416D9}.Debug|Mixed Platforms.Build.0 = Debug|Any CPU
		{AFCCE700-4FF0-42A3-BA55-7BFD859416D9}.Debug|Win32.ActiveCfg = Debug|Any CPU
		{AFCCE700-4FF0-42A3-BA55-7BFD859416D9}.Debug|x86.ActiveCfg = Debug|Any CPU
		{AFCCE700-4FF0-42A3-BA55-7BFD859416D9}.Release|Any CPU.ActiveCfg = Release|Any CPU
		{AFCCE700-4FF0-42A3-BA55-7BFD859416D9}.Release|Any CPU.Build.0 = Release|Any CPU
		{AFCCE700-4FF0-42A3-BA55-7BFD859416D9}.Release|Mixed Platforms.ActiveCfg = Release|Any CPU
		{AFCCE700-4FF0-42A3-BA55-7BFD859416D9}.Release|Mixed Platforms.Build.0 = Release|Any CPU
		{AFCCE700-4FF0-42A3-BA55-7BFD859416D9}.Release|Win32.ActiveCfg = Release|Any CPU
		{AFCCE700-4FF0-42A3-BA55-7BFD859416D9}.Release|x86.ActiveCfg = Release|Any CPU
		{96D85696-B860-4D22-847A-66BD43DBF7B4}.Debug|Any CPU.ActiveCfg = Debug|Any CPU
		{96D85696-B860-4D22-847A-66BD43DBF7B4}.Debug|Any CPU.Build.0 = Debug|Any CPU
		{96D85696-B860-4D22-847A-66BD43DBF7B4}.Debug|Mixed Platforms.ActiveCfg = Debug|Any CPU
		{96D85696-B860-4D22-847A-66BD43DBF7B4}.Debug|Mixed Platforms.Build.0 = Debug|Any CPU
		{96D85696-B860-4D22-847A-66BD43DBF7B4}.Debug|Win32.ActiveCfg = Debug|Any CPU
		{96D85696-B860-4D22-847A-66BD43DBF7B4}.Debug|x86.ActiveCfg = Debug|Any CPU
		{96D85696-B860-4D22-847A-66BD43DBF7B4}.Release|Any CPU.ActiveCfg = Release|Any CPU
		{96D85696-B860-4D22-847A-66BD43DBF7B4}.Release|Any CPU.Build.0 = Release|Any CPU
		{96D85696-B860-4D22-847A-66BD43DBF7B4}.Release|Mixed Platforms.ActiveCfg = Release|Any CPU
		{96D85696-B860-4D22-847A-66BD43DBF7B4}.Release|Mixed Platforms.Build.0 = Release|Any CPU
		{96D85696-B860-4D22-847A-66BD43DBF7B4}.Release|Win32.ActiveCfg = Release|Any CPU
		{96D85696-B860-4D22-847A-66BD43DBF7B4}.Release|x86.ActiveCfg = Release|Any CPU
		{F9C80E29-6B7A-44BC-9F8F-82B9AE15987D}.Debug|Any CPU.ActiveCfg = Debug|Any CPU
		{F9C80E29-6B7A-44BC-9F8F-82B9AE15987D}.Debug|Any CPU.Build.0 = Debug|Any CPU
		{F9C80E29-6B7A-44BC-9F8F-82B9AE15987D}.Debug|Mixed Platforms.ActiveCfg = Debug|Any CPU
		{F9C80E29-6B7A-44BC-9F8F-82B9AE15987D}.Debug|Mixed Platforms.Build.0 = Debug|Any CPU
		{F9C80E29-6B7A-44BC-9F8F-82B9AE15987D}.Debug|Win32.ActiveCfg = Debug|Any CPU
		{F9C80E29-6B7A-44BC-9F8F-82B9AE15987D}.Debug|x86.ActiveCfg = Debug|Any CPU
		{F9C80E29-6B7A-44BC-9F8F-82B9AE15987D}.Release|Any CPU.ActiveCfg = Release|Any CPU
		{F9C80E29-6B7A-44BC-9F8F-82B9AE15987D}.Release|Any CPU.Build.0 = Release|Any CPU
		{F9C80E29-6B7A-44BC-9F8F-82B9AE15987D}.Release|Mixed Platforms.ActiveCfg = Release|Any CPU
		{F9C80E29-6B7A-44BC-9F8F-82B9AE15987D}.Release|Mixed Platforms.Build.0 = Release|Any CPU
		{F9C80E29-6B7A-44BC-9F8F-82B9AE15987D}.Release|Win32.ActiveCfg = Release|Any CPU
		{F9C80E29-6B7A-44BC-9F8F-82B9AE15987D}.Release|x86.ActiveCfg = Release|Any CPU
		{C5E010AE-0B43-4D4A-917B-8C10E6582FA8}.Debug|Any CPU.ActiveCfg = Debug|Any CPU
		{C5E010AE-0B43-4D4A-917B-8C10E6582FA8}.Debug|Any CPU.Build.0 = Debug|Any CPU
		{C5E010AE-0B43-4D4A-917B-8C10E6582FA8}.Debug|Mixed Platforms.ActiveCfg = Debug|Any CPU
		{C5E010AE-0B43-4D4A-917B-8C10E6582FA8}.Debug|Mixed Platforms.Build.0 = Debug|Any CPU
		{C5E010AE-0B43-4D4A-917B-8C10E6582FA8}.Debug|Win32.ActiveCfg = Debug|Any CPU
		{C5E010AE-0B43-4D4A-917B-8C10E6582FA8}.Debug|x86.ActiveCfg = Debug|Any CPU
		{C5E010AE-0B43-4D4A-917B-8C10E6582FA8}.Release|Any CPU.ActiveCfg = Release|Any CPU
		{C5E010AE-0B43-4D4A-917B-8C10E6582FA8}.Release|Any CPU.Build.0 = Release|Any CPU
		{C5E010AE-0B43-4D4A-917B-8C10E6582FA8}.Release|Mixed Platforms.ActiveCfg = Release|Any CPU
		{C5E010AE-0B43-4D4A-917B-8C10E6582FA8}.Release|Mixed Platforms.Build.0 = Release|Any CPU
		{C5E010AE-0B43-4D4A-917B-8C10E6582FA8}.Release|Win32.ActiveCfg = Release|Any CPU
		{C5E010AE-0B43-4D4A-917B-8C10E6582FA8}.Release|x86.ActiveCfg = Release|Any CPU
	EndGlobalSection
	GlobalSection(SolutionProperties) = preSolution
		HideSolutionNode = FALSE
	EndGlobalSection
	GlobalSection(NestedProjects) = preSolution
		{62B79DB2-9C42-4847-8FB7-0F97B13FC154} = {8F34B82C-340F-4268-AC51-3ED5A94C12A8}
		{3D145630-7F53-4630-8E1A-FB283A49E795} = {8F34B82C-340F-4268-AC51-3ED5A94C12A8}
		{5B914B9D-BA92-4110-BF2E-DFF10EB9738F} = {8F34B82C-340F-4268-AC51-3ED5A94C12A8}
		{88C34C71-8C1E-4B82-A0B2-1843F10A831F} = {8F34B82C-340F-4268-AC51-3ED5A94C12A8}
		{05F235BA-4E21-4A55-AEA4-FF26A8DF262E} = {BD9D15F4-35FB-4CFB-8CA5-C9E575844FF7}
		{DDD530E8-92A7-4940-AB9E-FA92A4E7BF5E} = {BD9D15F4-35FB-4CFB-8CA5-C9E575844FF7}
		{7A360BBD-7674-4CBA-84A7-41D7A5E99C21} = {BD9D15F4-35FB-4CFB-8CA5-C9E575844FF7}
		{96D85696-B860-4D22-847A-66BD43DBF7B4} = {BD9D15F4-35FB-4CFB-8CA5-C9E575844FF7}
		{35D67C04-B4A3-4E40-AAA5-0931853C115C} = {822A6B12-A503-4D90-A104-F5D35EE0B35D}
		{49BD292A-92A2-4A5E-BFE2-2212C87A91A5} = {822A6B12-A503-4D90-A104-F5D35EE0B35D}
		{1A696E70-200D-4542-B763-2A1955107CD3} = {822A6B12-A503-4D90-A104-F5D35EE0B35D}
		{0D12E7C1-08EC-48A0-8645-748906F67F32} = {822A6B12-A503-4D90-A104-F5D35EE0B35D}
		{2EFAA327-1789-4438-B9F5-E83ACAE12DB2} = {9AC48ADF-23DD-49AD-9878-1F58649FD095}
		{C0FAF524-72E4-46F7-8C1B-A6B74DEC5EBE} = {9AC48ADF-23DD-49AD-9878-1F58649FD095}
		{631AC093-430F-45F4-BA0C-AF0F0405918A} = {9AC48ADF-23DD-49AD-9878-1F58649FD095}
		{2C4C2C8C-CF13-439F-B056-C2B05E8C21DD} = {5977BFB4-2869-4A2D-A00D-231A4F7A5AE9}
		{92AF6023-CCFF-47CE-8F92-DC9952D9E0DD} = {5977BFB4-2869-4A2D-A00D-231A4F7A5AE9}
		{AA7FF419-EEAF-408B-910C-73E3BCCCD0AF} = {5977BFB4-2869-4A2D-A00D-231A4F7A5AE9}
		{9A17BAB5-0979-430F-B7CC-1C6225CFD37A} = {5977BFB4-2869-4A2D-A00D-231A4F7A5AE9}
		{F85CAD53-A0E4-4F95-826A-281E0D26E78F} = {5977BFB4-2869-4A2D-A00D-231A4F7A5AE9}
		{3A80A361-0F0D-4EF0-A9DF-3F4F13C5AF71} = {5977BFB4-2869-4A2D-A00D-231A4F7A5AE9}
		{B0F602B3-91E5-448F-9618-C56002B9079D} = {5977BFB4-2869-4A2D-A00D-231A4F7A5AE9}
		{334A7228-D764-4C7A-BCDC-BDD3F8C0AF2D} = {5977BFB4-2869-4A2D-A00D-231A4F7A5AE9}
		{438650AB-72ED-4617-91E9-2964351A1C50} = {5977BFB4-2869-4A2D-A00D-231A4F7A5AE9}
		{F9C80E29-6B7A-44BC-9F8F-82B9AE15987D} = {5977BFB4-2869-4A2D-A00D-231A4F7A5AE9}
		{C5E010AE-0B43-4D4A-917B-8C10E6582FA8} = {5977BFB4-2869-4A2D-A00D-231A4F7A5AE9}
	EndGlobalSection
EndGlobal
